
Microsoft Visual Studio Solution File, Format Version 12.00
# Visual Studio Version 17
VisualStudioVersion = 17.0.31903.59
MinimumVisualStudioVersion = 10.0.40219.1
Project("{FAE04EC0-301F-11D3-BF4B-00C04F79EFBC}") = "Get.Directorio.Api", "Get.Directorio.Api\Get.Directorio.Api.csproj", "{12573D3C-8B6A-464F-8E72-8D7B2E13592B}"
EndProject
Project("{FAE04EC0-301F-11D3-BF4B-00C04F79EFBC}") = "Get.Directorio.Core", "Get.Directorio.Core\Get.Directorio.Core.csproj", "{7BD28049-4F39-47A5-8050-6C7B26E8F53C}"
EndProject
Project("{FAE04EC0-301F-11D3-BF4B-00C04F79EFBC}") = "Get.Directorio.Infrastructure", "Get.Directorio.Infrastructure\Get.Directorio.Infrastructure.csproj", "{9F121B60-6DBF-460C-8765-1451564A4EF0}"
EndProject
Project("{FAE04EC0-301F-11D3-BF4B-00C04F79EFBC}") = "Get.Directorio.ClientWPF", "Get.Directorio.ClientWPF\Get.Directorio.ClientWPF.csproj", "{B080C354-483A-410F-BA76-95DFEE79E005}"
EndProject
Global
	GlobalSection(SolutionConfigurationPlatforms) = preSolution
		Debug|Any CPU = Debug|Any CPU
		Debug|x64 = Debug|x64
		Debug|x86 = Debug|x86
		Release|Any CPU = Release|Any CPU
		Release|x64 = Release|x64
		Release|x86 = Release|x86
	EndGlobalSection
	GlobalSection(ProjectConfigurationPlatforms) = postSolution
		{12573D3C-8B6A-464F-8E72-8D7B2E13592B}.Debug|Any CPU.ActiveCfg = Debug|Any CPU
		{12573D3C-8B6A-464F-8E72-8D7B2E13592B}.Debug|Any CPU.Build.0 = Debug|Any CPU
		{12573D3C-8B6A-464F-8E72-8D7B2E13592B}.Debug|x64.ActiveCfg = Debug|Any CPU
		{12573D3C-8B6A-464F-8E72-8D7B2E13592B}.Debug|x64.Build.0 = Debug|Any CPU
		{12573D3C-8B6A-464F-8E72-8D7B2E13592B}.Debug|x86.ActiveCfg = Debug|Any CPU
		{12573D3C-8B6A-464F-8E72-8D7B2E13592B}.Debug|x86.Build.0 = Debug|Any CPU
		{12573D3C-8B6A-464F-8E72-8D7B2E13592B}.Release|Any CPU.ActiveCfg = Release|Any CPU
		{12573D3C-8B6A-464F-8E72-8D7B2E13592B}.Release|Any CPU.Build.0 = Release|Any CPU
		{12573D3C-8B6A-464F-8E72-8D7B2E13592B}.Release|x64.ActiveCfg = Release|Any CPU
		{12573D3C-8B6A-464F-8E72-8D7B2E13592B}.Release|x64.Build.0 = Release|Any CPU
		{12573D3C-8B6A-464F-8E72-8D7B2E13592B}.Release|x86.ActiveCfg = Release|Any CPU
		{12573D3C-8B6A-464F-8E72-8D7B2E13592B}.Release|x86.Build.0 = Release|Any CPU
		{7BD28049-4F39-47A5-8050-6C7B26E8F53C}.Debug|Any CPU.ActiveCfg = Debug|Any CPU
		{7BD28049-4F39-47A5-8050-6C7B26E8F53C}.Debug|Any CPU.Build.0 = Debug|Any CPU
		{7BD28049-4F39-47A5-8050-6C7B26E8F53C}.Debug|x64.ActiveCfg = Debug|Any CPU
		{7BD28049-4F39-47A5-8050-6C7B26E8F53C}.Debug|x64.Build.0 = Debug|Any CPU
		{7BD28049-4F39-47A5-8050-6C7B26E8F53C}.Debug|x86.ActiveCfg = Debug|Any CPU
		{7BD28049-4F39-47A5-8050-6C7B26E8F53C}.Debug|x86.Build.0 = Debug|Any CPU
		{7BD28049-4F39-47A5-8050-6C7B26E8F53C}.Release|Any CPU.ActiveCfg = Release|Any CPU
		{7BD28049-4F39-47A5-8050-6C7B26E8F53C}.Release|Any CPU.Build.0 = Release|Any CPU
		{7BD28049-4F39-47A5-8050-6C7B26E8F53C}.Release|x64.ActiveCfg = Release|Any CPU
		{7BD28049-4F39-47A5-8050-6C7B26E8F53C}.Release|x64.Build.0 = Release|Any CPU
		{7BD28049-4F39-47A5-8050-6C7B26E8F53C}.Release|x86.ActiveCfg = Release|Any CPU
		{7BD28049-4F39-47A5-8050-6C7B26E8F53C}.Release|x86.Build.0 = Release|Any CPU
		{9F121B60-6DBF-460C-8765-1451564A4EF0}.Debug|Any CPU.ActiveCfg = Debug|Any CPU
		{9F121B60-6DBF-460C-8765-1451564A4EF0}.Debug|Any CPU.Build.0 = Debug|Any CPU
		{9F121B60-6DBF-460C-8765-1451564A4EF0}.Debug|x64.ActiveCfg = Debug|Any CPU
		{9F121B60-6DBF-460C-8765-1451564A4EF0}.Debug|x64.Build.0 = Debug|Any CPU
		{9F121B60-6DBF-460C-8765-1451564A4EF0}.Debug|x86.ActiveCfg = Debug|Any CPU
		{9F121B60-6DBF-460C-8765-1451564A4EF0}.Debug|x86.Build.0 = Debug|Any CPU
		{9F121B60-6DBF-460C-8765-1451564A4EF0}.Release|Any CPU.ActiveCfg = Release|Any CPU
		{9F121B60-6DBF-460C-8765-1451564A4EF0}.Release|Any CPU.Build.0 = Release|Any CPU
		{9F121B60-6DBF-460C-8765-1451564A4EF0}.Release|x64.ActiveCfg = Release|Any CPU
		{9F121B60-6DBF-460C-8765-1451564A4EF0}.Release|x64.Build.0 = Release|Any CPU
		{9F121B60-6DBF-460C-8765-1451564A4EF0}.Release|x86.ActiveCfg = Release|Any CPU
		{9F121B60-6DBF-460C-8765-1451564A4EF0}.Release|x86.Build.0 = Release|Any CPU
		{B080C354-483A-410F-BA76-95DFEE79E005}.Debug|Any CPU.ActiveCfg = Debug|Any CPU
		{B080C354-483A-410F-BA76-95DFEE79E005}.Debug|Any CPU.Build.0 = Debug|Any CPU
		{B080C354-483A-410F-BA76-95DFEE79E005}.Debug|x64.ActiveCfg = Debug|Any CPU
		{B080C354-483A-410F-BA76-95DFEE79E005}.Debug|x64.Build.0 = Debug|Any CPU
		{B080C354-483A-410F-BA76-95DFEE79E005}.Debug|x86.ActiveCfg = Debug|Any CPU
		{B080C354-483A-410F-BA76-95DFEE79E005}.Debug|x86.Build.0 = Debug|Any CPU
		{B080C354-483A-410F-BA76-95DFEE79E005}.Release|Any CPU.ActiveCfg = Release|Any CPU
		{B080C354-483A-410F-BA76-95DFEE79E005}.Release|Any CPU.Build.0 = Release|Any CPU
		{B080C354-483A-410F-BA76-95DFEE79E005}.Release|x64.ActiveCfg = Release|Any CPU
		{B080C354-483A-410F-BA76-95DFEE79E005}.Release|x64.Build.0 = Release|Any CPU
		{B080C354-483A-410F-BA76-95DFEE79E005}.Release|x86.ActiveCfg = Release|Any CPU
		{B080C354-483A-410F-BA76-95DFEE79E005}.Release|x86.Build.0 = Release|Any CPU
	EndGlobalSection
	GlobalSection(SolutionProperties) = preSolution
		HideSolutionNode = FALSE
	EndGlobalSection
EndGlobal
